
Microsoft Visual Studio Solution File, Format Version 12.00
# Visual Studio Version 17
VisualStudioVersion = 17.7.34031.279
MinimumVisualStudioVersion = 10.0.40219.1
Project("{9A19103F-16F7-4668-BE54-9A1E7A4F7556}") = "F8UUC1_HFT_2023241.Client", "F8UUC1_HFT_2023241.Client\F8UUC1_HFT_2023241.Client.csproj", "{6B2F7186-6665-4664-B552-8F2F79C048D6}"
EndProject
Project("{9A19103F-16F7-4668-BE54-9A1E7A4F7556}") = "F8UUC1_HFT_2023241.Models", "F8UUC1_HFT_2023241.Models\F8UUC1_HFT_2023241.Models.csproj", "{EDDE8025-DCB9-4BDE-8BF8-54C6DF9C1D2D}"
EndProject
Project("{9A19103F-16F7-4668-BE54-9A1E7A4F7556}") = "F8UUC1_HFT_2023241.Logic", "F8UUC1_HFT_2023241.Logic\F8UUC1_HFT_2023241.Logic.csproj", "{D99C3983-08E3-457F-9727-F5E8FF8E343B}"
EndProject
Project("{9A19103F-16F7-4668-BE54-9A1E7A4F7556}") = "F8UUC1_HFT_2023241.Repository", "F8UUC1_HFT_2023241.Repository\F8UUC1_HFT_2023241.Repository.csproj", "{E3AA857E-85B5-4452-92BC-03374F820432}"
EndProject
Project("{FAE04EC0-301F-11D3-BF4B-00C04F79EFBC}") = "F8UUC1_HFT_2023241.Endpoint", "F8UUC1_HFT_2023241.Endpoint\F8UUC1_HFT_2023241.Endpoint.csproj", "{DDF850E1-D635-4314-B524-F5DCEDC1F4C5}"
EndProject
Project("{FAE04EC0-301F-11D3-BF4B-00C04F79EFBC}") = "F8UUC1_HFT_2023241.Test", "F8UUC1_HFT_2023241.Test\F8UUC1_HFT_2023241.Test.csproj", "{003FC2F2-2AD7-4529-8715-E87870CDC492}"
EndProject
Project("{2150E333-8FDC-42A3-9474-1A3956D46DE8}") = "Backend", "Backend", "{E9CF805F-5BE2-4200-BF42-F40FB1FC2D31}"
EndProject
Project("{2150E333-8FDC-42A3-9474-1A3956D46DE8}") = "Frontend", "Frontend", "{4A3DE1AF-07F1-4A26-8BF9-839B9896D3BF}"
EndProject
Project("{2150E333-8FDC-42A3-9474-1A3956D46DE8}") = "Shared", "Shared", "{17B3B177-D118-4881-A43F-9650A5BAAC5F}"
EndProject
Global
	GlobalSection(SolutionConfigurationPlatforms) = preSolution
		Debug|Any CPU = Debug|Any CPU
		Release|Any CPU = Release|Any CPU
	EndGlobalSection
	GlobalSection(ProjectConfigurationPlatforms) = postSolution
		{6B2F7186-6665-4664-B552-8F2F79C048D6}.Debug|Any CPU.ActiveCfg = Debug|Any CPU
		{6B2F7186-6665-4664-B552-8F2F79C048D6}.Debug|Any CPU.Build.0 = Debug|Any CPU
		{6B2F7186-6665-4664-B552-8F2F79C048D6}.Release|Any CPU.ActiveCfg = Release|Any CPU
		{6B2F7186-6665-4664-B552-8F2F79C048D6}.Release|Any CPU.Build.0 = Release|Any CPU
		{EDDE8025-DCB9-4BDE-8BF8-54C6DF9C1D2D}.Debug|Any CPU.ActiveCfg = Debug|Any CPU
		{EDDE8025-DCB9-4BDE-8BF8-54C6DF9C1D2D}.Debug|Any CPU.Build.0 = Debug|Any CPU
		{EDDE8025-DCB9-4BDE-8BF8-54C6DF9C1D2D}.Release|Any CPU.ActiveCfg = Release|Any CPU
		{EDDE8025-DCB9-4BDE-8BF8-54C6DF9C1D2D}.Release|Any CPU.Build.0 = Release|Any CPU
		{D99C3983-08E3-457F-9727-F5E8FF8E343B}.Debug|Any CPU.ActiveCfg = Debug|Any CPU
		{D99C3983-08E3-457F-9727-F5E8FF8E343B}.Debug|Any CPU.Build.0 = Debug|Any CPU
		{D99C3983-08E3-457F-9727-F5E8FF8E343B}.Release|Any CPU.ActiveCfg = Release|Any CPU
		{D99C3983-08E3-457F-9727-F5E8FF8E343B}.Release|Any CPU.Build.0 = Release|Any CPU
		{E3AA857E-85B5-4452-92BC-03374F820432}.Debug|Any CPU.ActiveCfg = Debug|Any CPU
		{E3AA857E-85B5-4452-92BC-03374F820432}.Debug|Any CPU.Build.0 = Debug|Any CPU
		{E3AA857E-85B5-4452-92BC-03374F820432}.Release|Any CPU.ActiveCfg = Release|Any CPU
		{E3AA857E-85B5-4452-92BC-03374F820432}.Release|Any CPU.Build.0 = Release|Any CPU
		{DDF850E1-D635-4314-B524-F5DCEDC1F4C5}.Debug|Any CPU.ActiveCfg = Debug|Any CPU
		{DDF850E1-D635-4314-B524-F5DCEDC1F4C5}.Debug|Any CPU.Build.0 = Debug|Any CPU
		{DDF850E1-D635-4314-B524-F5DCEDC1F4C5}.Release|Any CPU.ActiveCfg = Release|Any CPU
		{DDF850E1-D635-4314-B524-F5DCEDC1F4C5}.Release|Any CPU.Build.0 = Release|Any CPU
		{003FC2F2-2AD7-4529-8715-E87870CDC492}.Debug|Any CPU.ActiveCfg = Debug|Any CPU
		{003FC2F2-2AD7-4529-8715-E87870CDC492}.Debug|Any CPU.Build.0 = Debug|Any CPU
		{003FC2F2-2AD7-4529-8715-E87870CDC492}.Release|Any CPU.ActiveCfg = Release|Any CPU
		{003FC2F2-2AD7-4529-8715-E87870CDC492}.Release|Any CPU.Build.0 = Release|Any CPU
	EndGlobalSection
	GlobalSection(SolutionProperties) = preSolution
		HideSolutionNode = FALSE
	EndGlobalSection
	GlobalSection(NestedProjects) = preSolution
		{6B2F7186-6665-4664-B552-8F2F79C048D6} = {4A3DE1AF-07F1-4A26-8BF9-839B9896D3BF}
		{EDDE8025-DCB9-4BDE-8BF8-54C6DF9C1D2D} = {17B3B177-D118-4881-A43F-9650A5BAAC5F}
		{D99C3983-08E3-457F-9727-F5E8FF8E343B} = {E9CF805F-5BE2-4200-BF42-F40FB1FC2D31}
		{E3AA857E-85B5-4452-92BC-03374F820432} = {E9CF805F-5BE2-4200-BF42-F40FB1FC2D31}
		{DDF850E1-D635-4314-B524-F5DCEDC1F4C5} = {E9CF805F-5BE2-4200-BF42-F40FB1FC2D31}
		{003FC2F2-2AD7-4529-8715-E87870CDC492} = {E9CF805F-5BE2-4200-BF42-F40FB1FC2D31}
	EndGlobalSection
	GlobalSection(ExtensibilityGlobals) = postSolution
		SolutionGuid = {D96F06C0-C6A5-45CC-9804-FEC359A300E1}
	EndGlobalSection
EndGlobal
