
Microsoft Visual Studio Solution File, Format Version 12.00
# Visual Studio Version 17
VisualStudioVersion = 17.7.34031.279
MinimumVisualStudioVersion = 10.0.40219.1
Project("{FAE04EC0-301F-11D3-BF4B-00C04F79EFBC}") = "F8UUC1_HFT_2023241.Client", "F8UUC1_HFT_2023241.Client\F8UUC1_HFT_2023241.Client.csproj", "{6B2F7186-6665-4664-B552-8F2F79C048D6}"
EndProject
Project("{FAE04EC0-301F-11D3-BF4B-00C04F79EFBC}") = "F8UUC1_HFT_2023241.Models", "F8UUC1_HFT_2023241.Models\F8UUC1_HFT_2023241.Models.csproj", "{EDDE8025-DCB9-4BDE-8BF8-54C6DF9C1D2D}"
EndProject
Project("{FAE04EC0-301F-11D3-BF4B-00C04F79EFBC}") = "F8UUC1_HFT_2023241.Logic", "F8UUC1_HFT_2023241.Logic\F8UUC1_HFT_2023241.Logic.csproj", "{D99C3983-08E3-457F-9727-F5E8FF8E343B}"
EndProject
Project("{FAE04EC0-301F-11D3-BF4B-00C04F79EFBC}") = "F8UUC1_HFT_2023241.Repository", "F8UUC1_HFT_2023241.Repository\F8UUC1_HFT_2023241.Repository.csproj", "{E3AA857E-85B5-4452-92BC-03374F820432}"
EndProject
Global
	GlobalSection(SolutionConfigurationPlatforms) = preSolution
		Debug|Any CPU = Debug|Any CPU
		Release|Any CPU = Release|Any CPU
	EndGlobalSection
	GlobalSection(ProjectConfigurationPlatforms) = postSolution
		{6B2F7186-6665-4664-B552-8F2F79C048D6}.Debug|Any CPU.ActiveCfg = Debug|Any CPU
		{6B2F7186-6665-4664-B552-8F2F79C048D6}.Debug|Any CPU.Build.0 = Debug|Any CPU
		{6B2F7186-6665-4664-B552-8F2F79C048D6}.Release|Any CPU.ActiveCfg = Release|Any CPU
		{6B2F7186-6665-4664-B552-8F2F79C048D6}.Release|Any CPU.Build.0 = Release|Any CPU
		{EDDE8025-DCB9-4BDE-8BF8-54C6DF9C1D2D}.Debug|Any CPU.ActiveCfg = Debug|Any CPU
		{EDDE8025-DCB9-4BDE-8BF8-54C6DF9C1D2D}.Debug|Any CPU.Build.0 = Debug|Any CPU
		{EDDE8025-DCB9-4BDE-8BF8-54C6DF9C1D2D}.Release|Any CPU.ActiveCfg = Release|Any CPU
		{EDDE8025-DCB9-4BDE-8BF8-54C6DF9C1D2D}.Release|Any CPU.Build.0 = Release|Any CPU
		{D99C3983-08E3-457F-9727-F5E8FF8E343B}.Debug|Any CPU.ActiveCfg = Debug|Any CPU
		{D99C3983-08E3-457F-9727-F5E8FF8E343B}.Debug|Any CPU.Build.0 = Debug|Any CPU
		{D99C3983-08E3-457F-9727-F5E8FF8E343B}.Release|Any CPU.ActiveCfg = Release|Any CPU
		{D99C3983-08E3-457F-9727-F5E8FF8E343B}.Release|Any CPU.Build.0 = Release|Any CPU
		{E3AA857E-85B5-4452-92BC-03374F820432}.Debug|Any CPU.ActiveCfg = Debug|Any CPU
		{E3AA857E-85B5-4452-92BC-03374F820432}.Debug|Any CPU.Build.0 = Debug|Any CPU
		{E3AA857E-85B5-4452-92BC-03374F820432}.Release|Any CPU.ActiveCfg = Release|Any CPU
		{E3AA857E-85B5-4452-92BC-03374F820432}.Release|Any CPU.Build.0 = Release|Any CPU
	EndGlobalSection
	GlobalSection(SolutionProperties) = preSolution
		HideSolutionNode = FALSE
	EndGlobalSection
	GlobalSection(ExtensibilityGlobals) = postSolution
		SolutionGuid = {D96F06C0-C6A5-45CC-9804-FEC359A300E1}
	EndGlobalSection
EndGlobal
